
Microsoft Visual Studio Solution File, Format Version 12.00
# Visual Studio Version 17
VisualStudioVersion = 17.4.33213.308
MinimumVisualStudioVersion = 10.0.40219.1
Project("{FAE04EC0-301F-11D3-BF4B-00C04F79EFBC}") = "RockPaperScissors", "RockPaperScissors\RockPaperScissors.csproj", "{CE303FD9-C246-4342-8EEA-2C55F072E1F3}"
EndProject
Global
	GlobalSection(SolutionConfigurationPlatforms) = preSolution
		Debug|Any CPU = Debug|Any CPU
		Release|Any CPU = Release|Any CPU
	EndGlobalSection
	GlobalSection(ProjectConfigurationPlatforms) = postSolution
		{CE303FD9-C246-4342-8EEA-2C55F072E1F3}.Debug|Any CPU.ActiveCfg = Debug|Any CPU
		{CE303FD9-C246-4342-8EEA-2C55F072E1F3}.Debug|Any CPU.Build.0 = Debug|Any CPU
		{CE303FD9-C246-4342-8EEA-2C55F072E1F3}.Release|Any CPU.ActiveCfg = Release|Any CPU
		{CE303FD9-C246-4342-8EEA-2C55F072E1F3}.Release|Any CPU.Build.0 = Release|Any CPU
	EndGlobalSection
	GlobalSection(SolutionProperties) = preSolution
		HideSolutionNode = FALSE
	EndGlobalSection
	GlobalSection(ExtensibilityGlobals) = postSolution
		SolutionGuid = {2EB57081-E365-4953-993C-2BE42DBDF370}
	EndGlobalSection
EndGlobal
